{
  "name": "yabai-sa-setup",
  "version": "1.0.0",
  "lockfileVersion": 3,
  "requires": true,
  "packages": {
    "": {
      "name": "yabai-sa-setup",
      "version": "1.0.0",
      "license": "ISC",
      "dependencies": {
        "sudo-prompt": "^9.2.1"
      },
      "bin": {
        "yabai-sa-setup": "index.js"
      }
    },
    "node_modules/sudo-prompt": {
      "version": "9.2.1",
      "resolved": "https://registry.npmjs.org/sudo-prompt/-/sudo-prompt-9.2.1.tgz",
      "integrity": "sha512-Mu7R0g4ig9TUuGSxJavny5Rv0egCEtpZRNMrZaYS1vxkiIxGiGUwoezU3LazIQ+KE04hTrTfNPgxU5gzi7F5Pw=="
    }
  }
}
